
Microsoft Visual Studio Solution File, Format Version 12.00
# Visual Studio 15
VisualStudioVersion = 15.0.26730.15
MinimumVisualStudioVersion = 10.0.40219.1
Project("{8BC9CEB8-8B4A-11D0-8D11-00A0C91BC942}") = "Prototyp_v2", "Prototyp_v2\Prototyp_v2.vcxproj", "{B424BEED-FC9C-4B6D-BC5E-3B0DEDE92F08}"
EndProject
Global
	GlobalSection(SolutionConfigurationPlatforms) = preSolution
		Debug|x64 = Debug|x64
		Debug|x86 = Debug|x86
		Release|x64 = Release|x64
		Release|x86 = Release|x86
	EndGlobalSection
	GlobalSection(ProjectConfigurationPlatforms) = postSolution
		{B424BEED-FC9C-4B6D-BC5E-3B0DEDE92F08}.Debug|x64.ActiveCfg = Debug|x64
		{B424BEED-FC9C-4B6D-BC5E-3B0DEDE92F08}.Debug|x64.Build.0 = Debug|x64
		{B424BEED-FC9C-4B6D-BC5E-3B0DEDE92F08}.Debug|x86.ActiveCfg = Debug|Win32
		{B424BEED-FC9C-4B6D-BC5E-3B0DEDE92F08}.Debug|x86.Build.0 = Debug|Win32
		{B424BEED-FC9C-4B6D-BC5E-3B0DEDE92F08}.Release|x64.ActiveCfg = Release|x64
		{B424BEED-FC9C-4B6D-BC5E-3B0DEDE92F08}.Release|x64.Build.0 = Release|x64
		{B424BEED-FC9C-4B6D-BC5E-3B0DEDE92F08}.Release|x86.ActiveCfg = Release|Win32
		{B424BEED-FC9C-4B6D-BC5E-3B0DEDE92F08}.Release|x86.Build.0 = Release|Win32
	EndGlobalSection
	GlobalSection(SolutionProperties) = preSolution
		HideSolutionNode = FALSE
	EndGlobalSection
	GlobalSection(ExtensibilityGlobals) = postSolution
		SolutionGuid = {A93B9A0A-766F-4ED9-A413-CF9197FA7A51}
	EndGlobalSection
EndGlobal
